// !$*UTF8*$!
{
	archiveVersion = 1;
	classes = {
	};
	objectVersion = 56;
	objects = {

/* Begin PBXBuildFile section */
		578BC30B2D4397A700713CF7 /* Interactors.swift in Sources */ = {isa = PBXBuildFile; fileRef = 578BC30A2D4397A700713CF7 /* Interactors.swift */; };
		578BC30D2D439BED00713CF7 /* System.swift in Sources */ = {isa = PBXBuildFile; fileRef = 578BC30C2D439BED00713CF7 /* System.swift */; };
		578BC3102D43A5A700713CF7 /* CategoriesInteractor.swift in Sources */ = {isa = PBXBuildFile; fileRef = 578BC30F2D43A5A700713CF7 /* CategoriesInteractor.swift */; };
		578BC3162D43A6A400713CF7 /* CategoriesList.swift in Sources */ = {isa = PBXBuildFile; fileRef = 578BC3152D43A6A400713CF7 /* CategoriesList.swift */; };
		578BC3182D43A73500713CF7 /* UserData.swift in Sources */ = {isa = PBXBuildFile; fileRef = 578BC3172D43A73500713CF7 /* UserData.swift */; };
		578BC31A2D4A1AD100713CF7 /* Category.swift in Sources */ = {isa = PBXBuildFile; fileRef = 578BC3192D4A1AD100713CF7 /* Category.swift */; };
		578BC31D2D4A2A2300713CF7 /* AppModel.swift in Sources */ = {isa = PBXBuildFile; fileRef = 578BC31C2D4A2A2300713CF7 /* AppModel.swift */; };
		578BC3212D4A305C00713CF7 /* CategoryView.swift in Sources */ = {isa = PBXBuildFile; fileRef = 578BC3202D4A305C00713CF7 /* CategoryView.swift */; };
		578BC3242D4A582600713CF7 /* DeviceData.swift in Sources */ = {isa = PBXBuildFile; fileRef = 578BC3232D4A582600713CF7 /* DeviceData.swift */; };
		578BC3262D4A5A9100713CF7 /* Action.swift in Sources */ = {isa = PBXBuildFile; fileRef = 578BC3252D4A5A9100713CF7 /* Action.swift */; };
		578BC3282D4A5CEA00713CF7 /* Option.swift in Sources */ = {isa = PBXBuildFile; fileRef = 578BC3272D4A5CEA00713CF7 /* Option.swift */; };
		57F464632D3F80DB00C64156 /* SDK_ShowcaseApp.swift in Sources */ = {isa = PBXBuildFile; fileRef = 57F464622D3F80DB00C64156 /* SDK_ShowcaseApp.swift */; };
		57F464652D3F80DB00C64156 /* ContentView.swift in Sources */ = {isa = PBXBuildFile; fileRef = 57F464642D3F80DB00C64156 /* ContentView.swift */; };
		57F464672D3F80E200C64156 /* Assets.xcassets in Resources */ = {isa = PBXBuildFile; fileRef = 57F464662D3F80E200C64156 /* Assets.xcassets */; };
		57F4646A2D3F80E200C64156 /* Preview Assets.xcassets in Resources */ = {isa = PBXBuildFile; fileRef = 57F464692D3F80E200C64156 /* Preview Assets.xcassets */; };
		57F4647B2D43831700C64156 /* Injection.swift in Sources */ = {isa = PBXBuildFile; fileRef = 57F4647A2D43831700C64156 /* Injection.swift */; };
		57F4647E2D43839600C64156 /* Swinject in Frameworks */ = {isa = PBXBuildFile; productRef = 57F4647D2D43839600C64156 /* Swinject */; };
		57F464822D4383C000C64156 /* AppState.swift in Sources */ = {isa = PBXBuildFile; fileRef = 57F464812D4383C000C64156 /* AppState.swift */; };
/* End PBXBuildFile section */

/* Begin PBXFileReference section */
		578BC30A2D4397A700713CF7 /* Interactors.swift */ = {isa = PBXFileReference; lastKnownFileType = sourcecode.swift; path = Interactors.swift; sourceTree = "<group>"; };
		578BC30C2D439BED00713CF7 /* System.swift */ = {isa = PBXFileReference; lastKnownFileType = sourcecode.swift; path = System.swift; sourceTree = "<group>"; };
		578BC30F2D43A5A700713CF7 /* CategoriesInteractor.swift */ = {isa = PBXFileReference; lastKnownFileType = sourcecode.swift; path = CategoriesInteractor.swift; sourceTree = "<group>"; };
		578BC3152D43A6A400713CF7 /* CategoriesList.swift */ = {isa = PBXFileReference; lastKnownFileType = sourcecode.swift; path = CategoriesList.swift; sourceTree = "<group>"; };
		578BC3172D43A73500713CF7 /* UserData.swift */ = {isa = PBXFileReference; lastKnownFileType = sourcecode.swift; path = UserData.swift; sourceTree = "<group>"; };
		578BC3192D4A1AD100713CF7 /* Category.swift */ = {isa = PBXFileReference; lastKnownFileType = sourcecode.swift; path = Category.swift; sourceTree = "<group>"; };
		578BC31C2D4A2A2300713CF7 /* AppModel.swift */ = {isa = PBXFileReference; lastKnownFileType = sourcecode.swift; path = AppModel.swift; sourceTree = "<group>"; };
		578BC3202D4A305C00713CF7 /* CategoryView.swift */ = {isa = PBXFileReference; lastKnownFileType = sourcecode.swift; path = CategoryView.swift; sourceTree = "<group>"; };
		578BC3232D4A582600713CF7 /* DeviceData.swift */ = {isa = PBXFileReference; lastKnownFileType = sourcecode.swift; path = DeviceData.swift; sourceTree = "<group>"; };
		578BC3252D4A5A9100713CF7 /* Action.swift */ = {isa = PBXFileReference; lastKnownFileType = sourcecode.swift; path = Action.swift; sourceTree = "<group>"; };
		578BC3272D4A5CEA00713CF7 /* Option.swift */ = {isa = PBXFileReference; lastKnownFileType = sourcecode.swift; path = Option.swift; sourceTree = "<group>"; };
		57F4645F2D3F80DB00C64156 /* SDK Showcase.app */ = {isa = PBXFileReference; explicitFileType = wrapper.application; includeInIndex = 0; path = "SDK Showcase.app"; sourceTree = BUILT_PRODUCTS_DIR; };
		57F464622D3F80DB00C64156 /* SDK_ShowcaseApp.swift */ = {isa = PBXFileReference; lastKnownFileType = sourcecode.swift; path = SDK_ShowcaseApp.swift; sourceTree = "<group>"; };
		57F464642D3F80DB00C64156 /* ContentView.swift */ = {isa = PBXFileReference; lastKnownFileType = sourcecode.swift; path = ContentView.swift; sourceTree = "<group>"; };
		57F464662D3F80E200C64156 /* Assets.xcassets */ = {isa = PBXFileReference; lastKnownFileType = folder.assetcatalog; path = Assets.xcassets; sourceTree = "<group>"; };
		57F464692D3F80E200C64156 /* Preview Assets.xcassets */ = {isa = PBXFileReference; lastKnownFileType = folder.assetcatalog; path = "Preview Assets.xcassets"; sourceTree = "<group>"; };
		57F4647A2D43831700C64156 /* Injection.swift */ = {isa = PBXFileReference; lastKnownFileType = sourcecode.swift; path = Injection.swift; sourceTree = "<group>"; };
		57F464812D4383C000C64156 /* AppState.swift */ = {isa = PBXFileReference; lastKnownFileType = sourcecode.swift; path = AppState.swift; sourceTree = "<group>"; };
/* End PBXFileReference section */

/* Begin PBXFrameworksBuildPhase section */
		57F4645C2D3F80DB00C64156 /* Frameworks */ = {
			isa = PBXFrameworksBuildPhase;
			buildActionMask = 2147483647;
			files = (
				57F4647E2D43839600C64156 /* Swinject in Frameworks */,
			);
			runOnlyForDeploymentPostprocessing = 0;
		};
/* End PBXFrameworksBuildPhase section */

/* Begin PBXGroup section */
		578BC30E2D43A59000713CF7 /* Interactors */ = {
			isa = PBXGroup;
			children = (
				578BC30A2D4397A700713CF7 /* Interactors.swift */,
				578BC30F2D43A5A700713CF7 /* CategoriesInteractor.swift */,
			);
			path = Interactors;
			sourceTree = "<group>";
		};
		578BC3112D43A5DC00713CF7 /* AppState */ = {
			isa = PBXGroup;
			children = (
				57F464812D4383C000C64156 /* AppState.swift */,
				578BC30C2D439BED00713CF7 /* System.swift */,
				578BC3172D43A73500713CF7 /* UserData.swift */,
				578BC3232D4A582600713CF7 /* DeviceData.swift */,
			);
			path = AppState;
			sourceTree = "<group>";
		};
		578BC3122D43A60600713CF7 /* Views */ = {
			isa = PBXGroup;
			children = (
				578BC3142D43A69300713CF7 /* Categories */,
				57F464642D3F80DB00C64156 /* ContentView.swift */,
			);
			path = Views;
			sourceTree = "<group>";
		};
		578BC3132D43A62C00713CF7 /* DI */ = {
			isa = PBXGroup;
			children = (
				57F4647A2D43831700C64156 /* Injection.swift */,
			);
			path = DI;
			sourceTree = "<group>";
		};
		578BC3142D43A69300713CF7 /* Categories */ = {
			isa = PBXGroup;
			children = (
				578BC3152D43A6A400713CF7 /* CategoriesList.swift */,
				578BC3202D4A305C00713CF7 /* CategoryView.swift */,
			);
			path = Categories;
			sourceTree = "<group>";
		};
		578BC31B2D4A1AD600713CF7 /* Model */ = {
			isa = PBXGroup;
			children = (
				578BC31C2D4A2A2300713CF7 /* AppModel.swift */,
				578BC3192D4A1AD100713CF7 /* Category.swift */,
				578BC3252D4A5A9100713CF7 /* Action.swift */,
				578BC3272D4A5CEA00713CF7 /* Option.swift */,
			);
			path = Model;
			sourceTree = "<group>";
		};
		578BC31E2D4A2D5000713CF7 /* Supporting Files */ = {
			isa = PBXGroup;
			children = (
				57F464622D3F80DB00C64156 /* SDK_ShowcaseApp.swift */,
				57F464662D3F80E200C64156 /* Assets.xcassets */,
			);
			path = "Supporting Files";
			sourceTree = "<group>";
		};
		57F464562D3F80DB00C64156 = {
			isa = PBXGroup;
			children = (
				57F464612D3F80DB00C64156 /* SDK Showcase */,
				57F464602D3F80DB00C64156 /* Products */,
			);
			sourceTree = "<group>";
		};
		57F464602D3F80DB00C64156 /* Products */ = {
			isa = PBXGroup;
			children = (
				57F4645F2D3F80DB00C64156 /* SDK Showcase.app */,
			);
			name = Products;
			sourceTree = "<group>";
		};
		57F464612D3F80DB00C64156 /* SDK Showcase */ = {
			isa = PBXGroup;
			children = (
				578BC31B2D4A1AD600713CF7 /* Model */,
				578BC3132D43A62C00713CF7 /* DI */,
				578BC3122D43A60600713CF7 /* Views */,
				578BC3112D43A5DC00713CF7 /* AppState */,
				578BC30E2D43A59000713CF7 /* Interactors */,
				578BC31E2D4A2D5000713CF7 /* Supporting Files */,
				57F464682D3F80E200C64156 /* Preview Content */,
			);
			path = "SDK Showcase";
			sourceTree = "<group>";
		};
		57F464682D3F80E200C64156 /* Preview Content */ = {
			isa = PBXGroup;
			children = (
				57F464692D3F80E200C64156 /* Preview Assets.xcassets */,
			);
			path = "Preview Content";
			sourceTree = "<group>";
		};
/* End PBXGroup section */

/* Begin PBXNativeTarget section */
		57F4645E2D3F80DB00C64156 /* SDK Showcase */ = {
			isa = PBXNativeTarget;
			buildConfigurationList = 57F4646D2D3F80E200C64156 /* Build configuration list for PBXNativeTarget "SDK Showcase" */;
			buildPhases = (
				57F4645B2D3F80DB00C64156 /* Sources */,
				57F4645C2D3F80DB00C64156 /* Frameworks */,
				57F4645D2D3F80DB00C64156 /* Resources */,
			);
			buildRules = (
			);
			dependencies = (
			);
			name = "SDK Showcase";
			packageProductDependencies = (
				57F4647D2D43839600C64156 /* Swinject */,
			);
			productName = "SDK Showcase";
			productReference = 57F4645F2D3F80DB00C64156 /* SDK Showcase.app */;
			productType = "com.apple.product-type.application";
		};
/* End PBXNativeTarget section */

/* Begin PBXProject section */
		57F464572D3F80DB00C64156 /* Project object */ = {
			isa = PBXProject;
			attributes = {
				BuildIndependentTargetsInParallel = 1;
				CLASSPREFIX = OMI;
				LastSwiftUpdateCheck = 1540;
				LastUpgradeCheck = 1540;
				ORGANIZATIONNAME = "Onewelcome Mobile Identity";
				TargetAttributes = {
					57F4645E2D3F80DB00C64156 = {
						CreatedOnToolsVersion = 15.4;
					};
				};
			};
			buildConfigurationList = 57F4645A2D3F80DB00C64156 /* Build configuration list for PBXProject "SDK Showcase" */;
			compatibilityVersion = "Xcode 14.0";
			developmentRegion = en;
			hasScannedForEncodings = 0;
			knownRegions = (
				en,
				Base,
			);
			mainGroup = 57F464562D3F80DB00C64156;
			packageReferences = (
				57F4647C2D43839600C64156 /* XCRemoteSwiftPackageReference "Swinject" */,
			);
			productRefGroup = 57F464602D3F80DB00C64156 /* Products */;
			projectDirPath = "";
			projectRoot = "";
			targets = (
				57F4645E2D3F80DB00C64156 /* SDK Showcase */,
			);
		};
/* End PBXProject section */

/* Begin PBXResourcesBuildPhase section */
		57F4645D2D3F80DB00C64156 /* Resources */ = {
			isa = PBXResourcesBuildPhase;
			buildActionMask = 2147483647;
			files = (
				57F4646A2D3F80E200C64156 /* Preview Assets.xcassets in Resources */,
				57F464672D3F80E200C64156 /* Assets.xcassets in Resources */,
			);
			runOnlyForDeploymentPostprocessing = 0;
		};
/* End PBXResourcesBuildPhase section */

/* Begin PBXSourcesBuildPhase section */
		57F4645B2D3F80DB00C64156 /* Sources */ = {
			isa = PBXSourcesBuildPhase;
			buildActionMask = 2147483647;
			files = (
				57F4647B2D43831700C64156 /* Injection.swift in Sources */,
				57F464652D3F80DB00C64156 /* ContentView.swift in Sources */,
				578BC31D2D4A2A2300713CF7 /* AppModel.swift in Sources */,
				578BC30B2D4397A700713CF7 /* Interactors.swift in Sources */,
				578BC3182D43A73500713CF7 /* UserData.swift in Sources */,
				57F464632D3F80DB00C64156 /* SDK_ShowcaseApp.swift in Sources */,
				578BC3162D43A6A400713CF7 /* CategoriesList.swift in Sources */,
				578BC3282D4A5CEA00713CF7 /* Option.swift in Sources */,
				578BC30D2D439BED00713CF7 /* System.swift in Sources */,
				578BC3212D4A305C00713CF7 /* CategoryView.swift in Sources */,
				578BC3102D43A5A700713CF7 /* CategoriesInteractor.swift in Sources */,
				578BC3242D4A582600713CF7 /* DeviceData.swift in Sources */,
				578BC3262D4A5A9100713CF7 /* Action.swift in Sources */,
				578BC31A2D4A1AD100713CF7 /* Category.swift in Sources */,
				57F464822D4383C000C64156 /* AppState.swift in Sources */,
			);
			runOnlyForDeploymentPostprocessing = 0;
		};
/* End PBXSourcesBuildPhase section */

/* Begin XCBuildConfiguration section */
		57F4646B2D3F80E200C64156 /* Debug */ = {
			isa = XCBuildConfiguration;
			buildSettings = {
				ALWAYS_SEARCH_USER_PATHS = NO;
				ASSETCATALOG_COMPILER_GENERATE_SWIFT_ASSET_SYMBOL_EXTENSIONS = YES;
				CLANG_ANALYZER_NONNULL = YES;
				CLANG_ANALYZER_NUMBER_OBJECT_CONVERSION = YES_AGGRESSIVE;
				CLANG_CXX_LANGUAGE_STANDARD = "gnu++20";
				CLANG_ENABLE_MODULES = YES;
				CLANG_ENABLE_OBJC_ARC = YES;
				CLANG_ENABLE_OBJC_WEAK = YES;
				CLANG_WARN_BLOCK_CAPTURE_AUTORELEASING = YES;
				CLANG_WARN_BOOL_CONVERSION = YES;
				CLANG_WARN_COMMA = YES;
				CLANG_WARN_CONSTANT_CONVERSION = YES;
				CLANG_WARN_DEPRECATED_OBJC_IMPLEMENTATIONS = YES;
				CLANG_WARN_DIRECT_OBJC_ISA_USAGE = YES_ERROR;
				CLANG_WARN_DOCUMENTATION_COMMENTS = YES;
				CLANG_WARN_EMPTY_BODY = YES;
				CLANG_WARN_ENUM_CONVERSION = YES;
				CLANG_WARN_INFINITE_RECURSION = YES;
				CLANG_WARN_INT_CONVERSION = YES;
				CLANG_WARN_NON_LITERAL_NULL_CONVERSION = YES;
				CLANG_WARN_OBJC_IMPLICIT_RETAIN_SELF = YES;
				CLANG_WARN_OBJC_LITERAL_CONVERSION = YES;
				CLANG_WARN_OBJC_ROOT_CLASS = YES_ERROR;
				CLANG_WARN_QUOTED_INCLUDE_IN_FRAMEWORK_HEADER = YES;
				CLANG_WARN_RANGE_LOOP_ANALYSIS = YES;
				CLANG_WARN_STRICT_PROTOTYPES = YES;
				CLANG_WARN_SUSPICIOUS_MOVE = YES;
				CLANG_WARN_UNGUARDED_AVAILABILITY = YES_AGGRESSIVE;
				CLANG_WARN_UNREACHABLE_CODE = YES;
				CLANG_WARN__DUPLICATE_METHOD_MATCH = YES;
				COPY_PHASE_STRIP = NO;
				DEBUG_INFORMATION_FORMAT = dwarf;
				ENABLE_STRICT_OBJC_MSGSEND = YES;
				ENABLE_TESTABILITY = YES;
				ENABLE_USER_SCRIPT_SANDBOXING = YES;
				GCC_C_LANGUAGE_STANDARD = gnu17;
				GCC_DYNAMIC_NO_PIC = NO;
				GCC_NO_COMMON_BLOCKS = YES;
				GCC_OPTIMIZATION_LEVEL = 0;
				GCC_PREPROCESSOR_DEFINITIONS = (
					"DEBUG=1",
					"$(inherited)",
				);
				GCC_WARN_64_TO_32_BIT_CONVERSION = YES;
				GCC_WARN_ABOUT_RETURN_TYPE = YES_ERROR;
				GCC_WARN_UNDECLARED_SELECTOR = YES;
				GCC_WARN_UNINITIALIZED_AUTOS = YES_AGGRESSIVE;
				GCC_WARN_UNUSED_FUNCTION = YES;
				GCC_WARN_UNUSED_VARIABLE = YES;
				IPHONEOS_DEPLOYMENT_TARGET = 17.5;
				LOCALIZATION_PREFERS_STRING_CATALOGS = YES;
				MTL_ENABLE_DEBUG_INFO = INCLUDE_SOURCE;
				MTL_FAST_MATH = YES;
				ONLY_ACTIVE_ARCH = YES;
				SDKROOT = iphoneos;
				SWIFT_ACTIVE_COMPILATION_CONDITIONS = "DEBUG $(inherited)";
				SWIFT_OPTIMIZATION_LEVEL = "-Onone";
			};
			name = Debug;
		};
		57F4646C2D3F80E200C64156 /* Release */ = {
			isa = XCBuildConfiguration;
			buildSettings = {
				ALWAYS_SEARCH_USER_PATHS = NO;
				ASSETCATALOG_COMPILER_GENERATE_SWIFT_ASSET_SYMBOL_EXTENSIONS = YES;
				CLANG_ANALYZER_NONNULL = YES;
				CLANG_ANALYZER_NUMBER_OBJECT_CONVERSION = YES_AGGRESSIVE;
				CLANG_CXX_LANGUAGE_STANDARD = "gnu++20";
				CLANG_ENABLE_MODULES = YES;
				CLANG_ENABLE_OBJC_ARC = YES;
				CLANG_ENABLE_OBJC_WEAK = YES;
				CLANG_WARN_BLOCK_CAPTURE_AUTORELEASING = YES;
				CLANG_WARN_BOOL_CONVERSION = YES;
				CLANG_WARN_COMMA = YES;
				CLANG_WARN_CONSTANT_CONVERSION = YES;
				CLANG_WARN_DEPRECATED_OBJC_IMPLEMENTATIONS = YES;
				CLANG_WARN_DIRECT_OBJC_ISA_USAGE = YES_ERROR;
				CLANG_WARN_DOCUMENTATION_COMMENTS = YES;
				CLANG_WARN_EMPTY_BODY = YES;
				CLANG_WARN_ENUM_CONVERSION = YES;
				CLANG_WARN_INFINITE_RECURSION = YES;
				CLANG_WARN_INT_CONVERSION = YES;
				CLANG_WARN_NON_LITERAL_NULL_CONVERSION = YES;
				CLANG_WARN_OBJC_IMPLICIT_RETAIN_SELF = YES;
				CLANG_WARN_OBJC_LITERAL_CONVERSION = YES;
				CLANG_WARN_OBJC_ROOT_CLASS = YES_ERROR;
				CLANG_WARN_QUOTED_INCLUDE_IN_FRAMEWORK_HEADER = YES;
				CLANG_WARN_RANGE_LOOP_ANALYSIS = YES;
				CLANG_WARN_STRICT_PROTOTYPES = YES;
				CLANG_WARN_SUSPICIOUS_MOVE = YES;
				CLANG_WARN_UNGUARDED_AVAILABILITY = YES_AGGRESSIVE;
				CLANG_WARN_UNREACHABLE_CODE = YES;
				CLANG_WARN__DUPLICATE_METHOD_MATCH = YES;
				COPY_PHASE_STRIP = NO;
				DEBUG_INFORMATION_FORMAT = "dwarf-with-dsym";
				ENABLE_NS_ASSERTIONS = NO;
				ENABLE_STRICT_OBJC_MSGSEND = YES;
				ENABLE_USER_SCRIPT_SANDBOXING = YES;
				GCC_C_LANGUAGE_STANDARD = gnu17;
				GCC_NO_COMMON_BLOCKS = YES;
				GCC_WARN_64_TO_32_BIT_CONVERSION = YES;
				GCC_WARN_ABOUT_RETURN_TYPE = YES_ERROR;
				GCC_WARN_UNDECLARED_SELECTOR = YES;
				GCC_WARN_UNINITIALIZED_AUTOS = YES_AGGRESSIVE;
				GCC_WARN_UNUSED_FUNCTION = YES;
				GCC_WARN_UNUSED_VARIABLE = YES;
				IPHONEOS_DEPLOYMENT_TARGET = 17.5;
				LOCALIZATION_PREFERS_STRING_CATALOGS = YES;
				MTL_ENABLE_DEBUG_INFO = NO;
				MTL_FAST_MATH = YES;
				SDKROOT = iphoneos;
				SWIFT_COMPILATION_MODE = wholemodule;
				VALIDATE_PRODUCT = YES;
			};
			name = Release;
		};
		57F4646E2D3F80E200C64156 /* Debug */ = {
			isa = XCBuildConfiguration;
			buildSettings = {
				ASSETCATALOG_COMPILER_APPICON_NAME = AppIcon;
				ASSETCATALOG_COMPILER_GLOBAL_ACCENT_COLOR_NAME = AccentColor;
				CODE_SIGN_STYLE = Automatic;
				CURRENT_PROJECT_VERSION = 1;
				DEVELOPMENT_ASSET_PATHS = "\"SDK Showcase/Preview Content\"";
				DEVELOPMENT_TEAM = FSS5X3XZNY;
				ENABLE_PREVIEWS = YES;
				GENERATE_INFOPLIST_FILE = YES;
				INFOPLIST_KEY_UIApplicationSceneManifest_Generation = YES;
				INFOPLIST_KEY_UIApplicationSupportsIndirectInputEvents = YES;
				INFOPLIST_KEY_UILaunchScreen_Generation = YES;
				INFOPLIST_KEY_UISupportedInterfaceOrientations_iPad = "UIInterfaceOrientationPortrait UIInterfaceOrientationPortraitUpsideDown UIInterfaceOrientationLandscapeLeft UIInterfaceOrientationLandscapeRight";
				INFOPLIST_KEY_UISupportedInterfaceOrientations_iPhone = "UIInterfaceOrientationPortrait UIInterfaceOrientationLandscapeLeft UIInterfaceOrientationLandscapeRight";
				IPHONEOS_DEPLOYMENT_TARGET = 16.0;
				LD_RUNPATH_SEARCH_PATHS = (
					"$(inherited)",
					"@executable_path/Frameworks",
				);
				MARKETING_VERSION = 1.0;
				PRODUCT_BUNDLE_IDENTIFIER = "com.onewelcome.omi.SDK-Showcase";
				PRODUCT_NAME = "$(TARGET_NAME)";
				SUPPORTED_PLATFORMS = "iphoneos iphonesimulator";
				SUPPORTS_MACCATALYST = NO;
				SUPPORTS_MAC_DESIGNED_FOR_IPHONE_IPAD = NO;
				SUPPORTS_XR_DESIGNED_FOR_IPHONE_IPAD = NO;
				SWIFT_EMIT_LOC_STRINGS = YES;
				SWIFT_VERSION = 5.0;
				TARGETED_DEVICE_FAMILY = "1,2";
			};
			name = Debug;
		};
		57F4646F2D3F80E200C64156 /* Release */ = {
			isa = XCBuildConfiguration;
			buildSettings = {
				ASSETCATALOG_COMPILER_APPICON_NAME = AppIcon;
				ASSETCATALOG_COMPILER_GLOBAL_ACCENT_COLOR_NAME = AccentColor;
				CODE_SIGN_STYLE = Automatic;
				CURRENT_PROJECT_VERSION = 1;
				DEVELOPMENT_ASSET_PATHS = "\"SDK Showcase/Preview Content\"";
				DEVELOPMENT_TEAM = FSS5X3XZNY;
				ENABLE_PREVIEWS = YES;
				GENERATE_INFOPLIST_FILE = YES;
				INFOPLIST_KEY_UIApplicationSceneManifest_Generation = YES;
				INFOPLIST_KEY_UIApplicationSupportsIndirectInputEvents = YES;
				INFOPLIST_KEY_UILaunchScreen_Generation = YES;
				INFOPLIST_KEY_UISupportedInterfaceOrientations_iPad = "UIInterfaceOrientationPortrait UIInterfaceOrientationPortraitUpsideDown UIInterfaceOrientationLandscapeLeft UIInterfaceOrientationLandscapeRight";
				INFOPLIST_KEY_UISupportedInterfaceOrientations_iPhone = "UIInterfaceOrientationPortrait UIInterfaceOrientationLandscapeLeft UIInterfaceOrientationLandscapeRight";
				IPHONEOS_DEPLOYMENT_TARGET = 16.0;
				LD_RUNPATH_SEARCH_PATHS = (
					"$(inherited)",
					"@executable_path/Frameworks",
				);
				MARKETING_VERSION = 1.0;
				PRODUCT_BUNDLE_IDENTIFIER = "com.onewelcome.omi.SDK-Showcase";
				PRODUCT_NAME = "$(TARGET_NAME)";
				SUPPORTED_PLATFORMS = "iphoneos iphonesimulator";
				SUPPORTS_MACCATALYST = NO;
				SUPPORTS_MAC_DESIGNED_FOR_IPHONE_IPAD = NO;
				SUPPORTS_XR_DESIGNED_FOR_IPHONE_IPAD = NO;
				SWIFT_EMIT_LOC_STRINGS = YES;
				SWIFT_VERSION = 5.0;
				TARGETED_DEVICE_FAMILY = "1,2";
			};
			name = Release;
		};
/* End XCBuildConfiguration section */

/* Begin XCConfigurationList section */
		57F4645A2D3F80DB00C64156 /* Build configuration list for PBXProject "SDK Showcase" */ = {
			isa = XCConfigurationList;
			buildConfigurations = (
				57F4646B2D3F80E200C64156 /* Debug */,
				57F4646C2D3F80E200C64156 /* Release */,
			);
			defaultConfigurationIsVisible = 0;
			defaultConfigurationName = Release;
		};
		57F4646D2D3F80E200C64156 /* Build configuration list for PBXNativeTarget "SDK Showcase" */ = {
			isa = XCConfigurationList;
			buildConfigurations = (
				57F4646E2D3F80E200C64156 /* Debug */,
				57F4646F2D3F80E200C64156 /* Release */,
			);
			defaultConfigurationIsVisible = 0;
			defaultConfigurationName = Release;
		};
/* End XCConfigurationList section */

/* Begin XCRemoteSwiftPackageReference section */
		57F4647C2D43839600C64156 /* XCRemoteSwiftPackageReference "Swinject" */ = {
			isa = XCRemoteSwiftPackageReference;
			repositoryURL = "https://github.com/Swinject/Swinject.git";
			requirement = {
				kind = upToNextMinorVersion;
				minimumVersion = 2.9.1;
			};
		};
/* End XCRemoteSwiftPackageReference section */

/* Begin XCSwiftPackageProductDependency section */
		57F4647D2D43839600C64156 /* Swinject */ = {
			isa = XCSwiftPackageProductDependency;
			package = 57F4647C2D43839600C64156 /* XCRemoteSwiftPackageReference "Swinject" */;
			productName = Swinject;
		};
/* End XCSwiftPackageProductDependency section */
	};
	rootObject = 57F464572D3F80DB00C64156 /* Project object */;
}
